// !$*UTF8*$!
{
	archiveVersion = 1;
	classes = {
	};
	objectVersion = 46;
	objects = {

/* Begin PBXBuildFile section */
		353941C51CF83414008803D6 /* AppDelegate.swift in Sources */ = {isa = PBXBuildFile; fileRef = 353941C41CF83414008803D6 /* AppDelegate.swift */; };
		353941C71CF83414008803D6 /* ViewController.swift in Sources */ = {isa = PBXBuildFile; fileRef = 353941C61CF83414008803D6 /* ViewController.swift */; };
		353941CA1CF83414008803D6 /* Main.storyboard in Resources */ = {isa = PBXBuildFile; fileRef = 353941C81CF83414008803D6 /* Main.storyboard */; };
		353941CC1CF83414008803D6 /* Assets.xcassets in Resources */ = {isa = PBXBuildFile; fileRef = 353941CB1CF83414008803D6 /* Assets.xcassets */; };
		353941CF1CF83414008803D6 /* LaunchScreen.storyboard in Resources */ = {isa = PBXBuildFile; fileRef = 353941CD1CF83414008803D6 /* LaunchScreen.storyboard */; };
/* End PBXBuildFile section */

/* Begin PBXFileReference section */
		353941C11CF83414008803D6 /* 绘制PDF.app */ = {isa = PBXFileReference; explicitFileType = wrapper.application; includeInIndex = 0; path = "绘制PDF.app"; sourceTree = BUILT_PRODUCTS_DIR; };
		353941C41CF83414008803D6 /* AppDelegate.swift */ = {isa = PBXFileReference; lastKnownFileType = sourcecode.swift; path = AppDelegate.swift; sourceTree = "<group>"; };
		353941C61CF83414008803D6 /* ViewController.swift */ = {isa = PBXFileReference; lastKnownFileType = sourcecode.swift; path = ViewController.swift; sourceTree = "<group>"; };
		353941C91CF83414008803D6 /* Base */ = {isa = PBXFileReference; lastKnownFileType = file.storyboard; name = Base; path = Base.lproj/Main.storyboard; sourceTree = "<group>"; };
		353941CB1CF83414008803D6 /* Assets.xcassets */ = {isa = PBXFileReference; lastKnownFileType = folder.assetcatalog; path = Assets.xcassets; sourceTree = "<group>"; };
		353941CE1CF83414008803D6 /* Base */ = {isa = PBXFileReference; lastKnownFileType = file.storyboard; name = Base; path = Base.lproj/LaunchScreen.storyboard; sourceTree = "<group>"; };
		353941D01CF83414008803D6 /* Info.plist */ = {isa = PBXFileReference; lastKnownFileType = text.plist.xml; path = Info.plist; sourceTree = "<group>"; };
/* End PBXFileReference section */

/* Begin PBXFrameworksBuildPhase section */
		353941BE1CF83414008803D6 /* Frameworks */ = {
			isa = PBXFrameworksBuildPhase;
			buildActionMask = 2147483647;
			files = (
			);
			runOnlyForDeploymentPostprocessing = 0;
		};
/* End PBXFrameworksBuildPhase section */

/* Begin PBXGroup section */
		353941B81CF83414008803D6 = {
			isa = PBXGroup;
			children = (
				353941C31CF83414008803D6 /* 绘制PDF */,
				353941C21CF83414008803D6 /* Products */,
			);
			sourceTree = "<group>";
		};
		353941C21CF83414008803D6 /* Products */ = {
			isa = PBXGroup;
			children = (
				353941C11CF83414008803D6 /* 绘制PDF.app */,
			);
			name = Products;
			sourceTree = "<group>";
		};
		353941C31CF83414008803D6 /* 绘制PDF */ = {
			isa = PBXGroup;
			children = (
				353941C41CF83414008803D6 /* AppDelegate.swift */,
				353941C61CF83414008803D6 /* ViewController.swift */,
				353941C81CF83414008803D6 /* Main.storyboard */,
				353941CB1CF83414008803D6 /* Assets.xcassets */,
				353941CD1CF83414008803D6 /* LaunchScreen.storyboard */,
				353941D01CF83414008803D6 /* Info.plist */,
			);
			path = "绘制PDF";
			sourceTree = "<group>";
		};
/* End PBXGroup section */

/* Begin PBXNativeTarget section */
		353941C01CF83414008803D6 /* 绘制PDF */ = {
			isa = PBXNativeTarget;
			buildConfigurationList = 353941D31CF83414008803D6 /* Build configuration list for PBXNativeTarget "绘制PDF" */;
			buildPhases = (
				353941BD1CF83414008803D6 /* Sources */,
				353941BE1CF83414008803D6 /* Frameworks */,
				353941BF1CF83414008803D6 /* Resources */,
			);
			buildRules = (
			);
			dependencies = (
			);
			name = "绘制PDF";
			productName = "绘制PDF";
			productReference = 353941C11CF83414008803D6 /* 绘制PDF.app */;
			productType = "com.apple.product-type.application";
		};
/* End PBXNativeTarget section */

/* Begin PBXProject section */
		353941B91CF83414008803D6 /* Project object */ = {
			isa = PBXProject;
			attributes = {
				LastSwiftUpdateCheck = 0730;
				LastUpgradeCheck = 0800;
				ORGANIZATIONNAME = "张永俊";
				TargetAttributes = {
					353941C01CF83414008803D6 = {
						CreatedOnToolsVersion = 7.3.1;
						LastSwiftMigration = 0800;
					};
				};
			};
			buildConfigurationList = 353941BC1CF83414008803D6 /* Build configuration list for PBXProject "绘制PDF" */;
			compatibilityVersion = "Xcode 3.2";
			developmentRegion = English;
			hasScannedForEncodings = 0;
			knownRegions = (
				en,
				Base,
			);
			mainGroup = 353941B81CF83414008803D6;
			productRefGroup = 353941C21CF83414008803D6 /* Products */;
			projectDirPath = "";
			projectRoot = "";
			targets = (
				353941C01CF83414008803D6 /* 绘制PDF */,
			);
		};
/* End PBXProject section */

/* Begin PBXResourcesBuildPhase section */
		353941BF1CF83414008803D6 /* Resources */ = {
			isa = PBXResourcesBuildPhase;
			buildActionMask = 2147483647;
			files = (
				353941CF1CF83414008803D6 /* LaunchScreen.storyboard in Resources */,
				353941CC1CF83414008803D6 /* Assets.xcassets in Resources */,
				353941CA1CF83414008803D6 /* Main.storyboard in Resources */,
			);
			runOnlyForDeploymentPostprocessing = 0;
		};
/* End PBXResourcesBuildPhase section */

/* Begin PBXSourcesBuildPhase section */
		353941BD1CF83414008803D6 /* Sources */ = {
			isa = PBXSourcesBuildPhase;
			buildActionMask = 2147483647;
			files = (
				353941C71CF83414008803D6 /* ViewController.swift in Sources */,
				353941C51CF83414008803D6 /* AppDelegate.swift in Sources */,
			);
			runOnlyForDeploymentPostprocessing = 0;
		};
/* End PBXSourcesBuildPhase section */

/* Begin PBXVariantGroup section */
		353941C81CF83414008803D6 /* Main.storyboard */ = {
			isa = PBXVariantGroup;
			children = (
				353941C91CF83414008803D6 /* Base */,
			);
			name = Main.storyboard;
			sourceTree = "<group>";
		};
		353941CD1CF83414008803D6 /* LaunchScreen.storyboard */ = {
			isa = PBXVariantGroup;
			children = (
				353941CE1CF83414008803D6 /* Base */,
			);
			name = LaunchScreen.storyboard;
			sourceTree = "<group>";
		};
/* End PBXVariantGroup section */

/* Begin XCBuildConfiguration section */
		353941D11CF83414008803D6 /* Debug */ = {
			isa = XCBuildConfiguration;
			buildSettings = {
				ALWAYS_SEARCH_USER_PATHS = NO;
				CLANG_ANALYZER_NONNULL = YES;
				CLANG_CXX_LANGUAGE_STANDARD = "gnu++0x";
				CLANG_CXX_LIBRARY = "libc++";
				CLANG_ENABLE_MODULES = YES;
				CLANG_ENABLE_OBJC_ARC = YES;
				CLANG_WARN_BOOL_CONVERSION = YES;
				CLANG_WARN_CONSTANT_CONVERSION = YES;
				CLANG_WARN_DIRECT_OBJC_ISA_USAGE = YES_ERROR;
				CLANG_WARN_EMPTY_BODY = YES;
				CLANG_WARN_ENUM_CONVERSION = YES;
				CLANG_WARN_INFINITE_RECURSION = YES;
				CLANG_WARN_INT_CONVERSION = YES;
				CLANG_WARN_OBJC_ROOT_CLASS = YES_ERROR;
				CLANG_WARN_SUSPICIOUS_MOVE = YES;
				CLANG_WARN_UNREACHABLE_CODE = YES;
				CLANG_WARN__DUPLICATE_METHOD_MATCH = YES;
				"CODE_SIGN_IDENTITY[sdk=iphoneos*]" = "iPhone Developer";
				COPY_PHASE_STRIP = NO;
				DEBUG_INFORMATION_FORMAT = dwarf;
				ENABLE_STRICT_OBJC_MSGSEND = YES;
				ENABLE_TESTABILITY = YES;
				GCC_C_LANGUAGE_STANDARD = gnu99;
				GCC_DYNAMIC_NO_PIC = NO;
				GCC_NO_COMMON_BLOCKS = YES;
				GCC_OPTIMIZATION_LEVEL = 0;
				GCC_PREPROCESSOR_DEFINITIONS = (
					"DEBUG=1",
					"$(inherited)",
				);
				GCC_WARN_64_TO_32_BIT_CONVERSION = YES;
				GCC_WARN_ABOUT_RETURN_TYPE = YES_ERROR;
				GCC_WARN_UNDECLARED_SELECTOR = YES;
				GCC_WARN_UNINITIALIZED_AUTOS = YES_AGGRESSIVE;
				GCC_WARN_UNUSED_FUNCTION = YES;
				GCC_WARN_UNUSED_VARIABLE = YES;
				IPHONEOS_DEPLOYMENT_TARGET = 9.3;
				MTL_ENABLE_DEBUG_INFO = YES;
				ONLY_ACTIVE_ARCH = YES;
				SDKROOT = iphoneos;
				SWIFT_OPTIMIZATION_LEVEL = "-Onone";
			};
			name = Debug;
		};
		353941D21CF83414008803D6 /* Release */ = {
			isa = XCBuildConfiguration;
			buildSettings = {
				ALWAYS_SEARCH_USER_PATHS = NO;
				CLANG_ANALYZER_NONNULL = YES;
				CLANG_CXX_LANGUAGE_STANDARD = "gnu++0x";
				CLANG_CXX_LIBRARY = "libc++";
				CLANG_ENABLE_MODULES = YES;
				CLANG_ENABLE_OBJC_ARC = YES;
				CLANG_WARN_BOOL_CONVERSION = YES;
				CLANG_WARN_CONSTANT_CONVERSION = YES;
				CLANG_WARN_DIRECT_OBJC_ISA_USAGE = YES_ERROR;
				CLANG_WARN_EMPTY_BODY = YES;
				CLANG_WARN_ENUM_CONVERSION = YES;
				CLANG_WARN_INFINITE_RECURSION = YES;
				CLANG_WARN_INT_CONVERSION = YES;
				CLANG_WARN_OBJC_ROOT_CLASS = YES_ERROR;
				CLANG_WARN_SUSPICIOUS_MOVE = YES;
				CLANG_WARN_UNREACHABLE_CODE = YES;
				CLANG_WARN__DUPLICATE_METHOD_MATCH = YES;
				"CODE_SIGN_IDENTITY[sdk=iphoneos*]" = "iPhone Developer";
				COPY_PHASE_STRIP = NO;
				DEBUG_INFORMATION_FORMAT = "dwarf-with-dsym";
				ENABLE_NS_ASSERTIONS = NO;
				ENABLE_STRICT_OBJC_MSGSEND = YES;
				GCC_C_LANGUAGE_STANDARD = gnu99;
				GCC_NO_COMMON_BLOCKS = YES;
				GCC_WARN_64_TO_32_BIT_CONVERSION = YES;
				GCC_WARN_ABOUT_RETURN_TYPE = YES_ERROR;
				GCC_WARN_UNDECLARED_SELECTOR = YES;
				GCC_WARN_UNINITIALIZED_AUTOS = YES_AGGRESSIVE;
				GCC_WARN_UNUSED_FUNCTION = YES;
				GCC_WARN_UNUSED_VARIABLE = YES;
				IPHONEOS_DEPLOYMENT_TARGET = 9.3;
				MTL_ENABLE_DEBUG_INFO = NO;
				SDKROOT = iphoneos;
				SWIFT_OPTIMIZATION_LEVEL = "-Owholemodule";
				VALIDATE_PRODUCT = YES;
			};
			name = Release;
		};
		353941D41CF83414008803D6 /* Debug */ = {
			isa = XCBuildConfiguration;
			buildSettings = {
				ASSETCATALOG_COMPILER_APPICON_NAME = AppIcon;
				INFOPLIST_FILE = "绘制PDF/Info.plist";
				LD_RUNPATH_SEARCH_PATHS = "$(inherited) @executable_path/Frameworks";
				PRODUCT_BUNDLE_IDENTIFIER = "zhangyongjun.--PDF";
				PRODUCT_NAME = "$(TARGET_NAME)";
				SWIFT_VERSION = 3.0;
			};
			name = Debug;
		};
		353941D51CF83414008803D6 /* Release */ = {
			isa = XCBuildConfiguration;
			buildSettings = {
				ASSETCATALOG_COMPILER_APPICON_NAME = AppIcon;
				INFOPLIST_FILE = "绘制PDF/Info.plist";
				LD_RUNPATH_SEARCH_PATHS = "$(inherited) @executable_path/Frameworks";
				PRODUCT_BUNDLE_IDENTIFIER = "zhangyongjun.--PDF";
				PRODUCT_NAME = "$(TARGET_NAME)";
				SWIFT_VERSION = 3.0;
			};
			name = Release;
		};
/* End XCBuildConfiguration section */

/* Begin XCConfigurationList section */
		353941BC1CF83414008803D6 /* Build configuration list for PBXProject "绘制PDF" */ = {
			isa = XCConfigurationList;
			buildConfigurations = (
				353941D11CF83414008803D6 /* Debug */,
				353941D21CF83414008803D6 /* Release */,
			);
			defaultConfigurationIsVisible = 0;
			defaultConfigurationName = Release;
		};
		353941D31CF83414008803D6 /* Build configuration list for PBXNativeTarget "绘制PDF" */ = {
			isa = XCConfigurationList;
			buildConfigurations = (
				353941D41CF83414008803D6 /* Debug */,
				353941D51CF83414008803D6 /* Release */,
			);
			defaultConfigurationIsVisible = 0;
			defaultConfigurationName = Release;
		};
/* End XCConfigurationList section */
	};
	rootObject = 353941B91CF83414008803D6 /* Project object */;
}
